
Microsoft Visual Studio Solution File, Format Version 12.00
# Visual Studio Version 16
VisualStudioVersion = 16.0.30907.101
MinimumVisualStudioVersion = 10.0.40219.1
Project("{FAE04EC0-301F-11D3-BF4B-00C04F79EFBC}") = "Solution2.Module", "Solution2.Module\Solution2.Module.csproj", "{5B276D56-33F3-44CC-A9E2-4A752EAF4841}"
EndProject
Project("{FAE04EC0-301F-11D3-BF4B-00C04F79EFBC}") = "Solution2.Module.Win", "Solution2.Module.Win\Solution2.Module.Win.csproj", "{63F2AC72-AF98-43AF-96E0-CD3E52A843FA}"
EndProject
Project("{FAE04EC0-301F-11D3-BF4B-00C04F79EFBC}") = "Solution2.Win", "Solution2.Win\Solution2.Win.csproj", "{865476B9-046D-47E2-9270-7326075D1DD6}"
EndProject
Global
	GlobalSection(SolutionConfigurationPlatforms) = preSolution
		Debug|Any CPU = Debug|Any CPU
		EasyTest|Any CPU = EasyTest|Any CPU
		Release|Any CPU = Release|Any CPU
	EndGlobalSection
	GlobalSection(ProjectConfigurationPlatforms) = postSolution
		{5B276D56-33F3-44CC-A9E2-4A752EAF4841}.Debug|Any CPU.ActiveCfg = Debug|Any CPU
		{5B276D56-33F3-44CC-A9E2-4A752EAF4841}.Debug|Any CPU.Build.0 = Debug|Any CPU
		{5B276D56-33F3-44CC-A9E2-4A752EAF4841}.EasyTest|Any CPU.ActiveCfg = EasyTest|Any CPU
		{5B276D56-33F3-44CC-A9E2-4A752EAF4841}.EasyTest|Any CPU.Build.0 = EasyTest|Any CPU
		{5B276D56-33F3-44CC-A9E2-4A752EAF4841}.Release|Any CPU.ActiveCfg = Release|Any CPU
		{5B276D56-33F3-44CC-A9E2-4A752EAF4841}.Release|Any CPU.Build.0 = Release|Any CPU
		{63F2AC72-AF98-43AF-96E0-CD3E52A843FA}.Debug|Any CPU.ActiveCfg = Debug|Any CPU
		{63F2AC72-AF98-43AF-96E0-CD3E52A843FA}.Debug|Any CPU.Build.0 = Debug|Any CPU
		{63F2AC72-AF98-43AF-96E0-CD3E52A843FA}.EasyTest|Any CPU.ActiveCfg = EasyTest|Any CPU
		{63F2AC72-AF98-43AF-96E0-CD3E52A843FA}.EasyTest|Any CPU.Build.0 = EasyTest|Any CPU
		{63F2AC72-AF98-43AF-96E0-CD3E52A843FA}.Release|Any CPU.ActiveCfg = Release|Any CPU
		{63F2AC72-AF98-43AF-96E0-CD3E52A843FA}.Release|Any CPU.Build.0 = Release|Any CPU
		{865476B9-046D-47E2-9270-7326075D1DD6}.Debug|Any CPU.ActiveCfg = Debug|Any CPU
		{865476B9-046D-47E2-9270-7326075D1DD6}.Debug|Any CPU.Build.0 = Debug|Any CPU
		{865476B9-046D-47E2-9270-7326075D1DD6}.EasyTest|Any CPU.ActiveCfg = EasyTest|Any CPU
		{865476B9-046D-47E2-9270-7326075D1DD6}.EasyTest|Any CPU.Build.0 = EasyTest|Any CPU
		{865476B9-046D-47E2-9270-7326075D1DD6}.Release|Any CPU.ActiveCfg = Release|Any CPU
		{865476B9-046D-47E2-9270-7326075D1DD6}.Release|Any CPU.Build.0 = Release|Any CPU
	EndGlobalSection
	GlobalSection(SolutionProperties) = preSolution
		HideSolutionNode = FALSE
	EndGlobalSection
	GlobalSection(ExtensibilityGlobals) = postSolution
		SolutionGuid = {6958C479-F490-46E6-8E64-893254545F1E}
	EndGlobalSection
EndGlobal
